
Microsoft Visual Studio Solution File, Format Version 12.00
# Visual Studio Version 17
VisualStudioVersion = 17.0.31903.59
MinimumVisualStudioVersion = 10.0.40219.1
Project("{2150E333-8FDC-42A3-9474-1A3956D46DE8}") = "src", "src", "{27E4B1B6-6C3A-45C6-968C-8AFAC9420F1B}"
EndProject
Project("{FAE04EC0-301F-11D3-BF4B-00C04F79EFBC}") = "FCG.Domain", "src\FCG.Domain\FCG.Domain.csproj", "{773B429E-6270-4767-B34F-ABB8BA4D2C8E}"
EndProject
Project("{FAE04EC0-301F-11D3-BF4B-00C04F79EFBC}") = "FCG.Application", "src\FCG.Application\FCG.Application.csproj", "{D6E9D8CB-2BF6-46A4-BBDD-2E63A2E3BB63}"
EndProject
Project("{FAE04EC0-301F-11D3-BF4B-00C04F79EFBC}") = "FCG.Infrastructure", "src\FCG.Infrastructure\FCG.Infrastructure.csproj", "{2E6B5D0F-1B45-4A82-B846-9B10A714660B}"
EndProject
Project("{FAE04EC0-301F-11D3-BF4B-00C04F79EFBC}") = "FCG.Api", "src\FCG.Api\FCG.Api.csproj", "{B391CE2E-23E2-4099-AE27-DEDD14886FAB}"
EndProject
Project("{2150E333-8FDC-42A3-9474-1A3956D46DE8}") = "tests", "tests", "{34A8E6D5-527D-4AD9-B554-D41D6B9BA19A}"
EndProject
Project("{FAE04EC0-301F-11D3-BF4B-00C04F79EFBC}") = "FCG.Domain.Tests", "tests\FCG.Domain.Tests\FCG.Domain.Tests.csproj", "{97AFB2F9-94C6-4BF9-B9D2-8BA7E051EC75}"
EndProject
Project("{FAE04EC0-301F-11D3-BF4B-00C04F79EFBC}") = "FCG.Application.Tests", "tests\FCG.Application.Tests\FCG.Application.Tests.csproj", "{EB916DCA-6DA1-44C6-990E-B7187402910E}"
EndProject
Project("{FAE04EC0-301F-11D3-BF4B-00C04F79EFBC}") = "FCG.IntegrationTests", "tests\FCG.IntegrationTests\FCG.IntegrationTests.csproj", "{419890CD-B6E2-4E20-80A3-739BCC0563C6}"
EndProject
Project("{FAE04EC0-301F-11D3-BF4B-00C04F79EFBC}") = "FCG.Api.Tests", "tests\FCG.Api.Tests\FCG.Api.Tests.csproj", "{DAA75CF7-B02F-4567-988D-B6B2DB82CFBD}"
EndProject
Global
	GlobalSection(SolutionConfigurationPlatforms) = preSolution
		Debug|Any CPU = Debug|Any CPU
		Release|Any CPU = Release|Any CPU
	EndGlobalSection
	GlobalSection(SolutionProperties) = preSolution
		HideSolutionNode = FALSE
	EndGlobalSection
	GlobalSection(ProjectConfigurationPlatforms) = postSolution
		{773B429E-6270-4767-B34F-ABB8BA4D2C8E}.Debug|Any CPU.ActiveCfg = Debug|Any CPU
		{773B429E-6270-4767-B34F-ABB8BA4D2C8E}.Debug|Any CPU.Build.0 = Debug|Any CPU
		{773B429E-6270-4767-B34F-ABB8BA4D2C8E}.Release|Any CPU.ActiveCfg = Release|Any CPU
		{773B429E-6270-4767-B34F-ABB8BA4D2C8E}.Release|Any CPU.Build.0 = Release|Any CPU
		{D6E9D8CB-2BF6-46A4-BBDD-2E63A2E3BB63}.Debug|Any CPU.ActiveCfg = Debug|Any CPU
		{D6E9D8CB-2BF6-46A4-BBDD-2E63A2E3BB63}.Debug|Any CPU.Build.0 = Debug|Any CPU
		{D6E9D8CB-2BF6-46A4-BBDD-2E63A2E3BB63}.Release|Any CPU.ActiveCfg = Release|Any CPU
		{D6E9D8CB-2BF6-46A4-BBDD-2E63A2E3BB63}.Release|Any CPU.Build.0 = Release|Any CPU
		{2E6B5D0F-1B45-4A82-B846-9B10A714660B}.Debug|Any CPU.ActiveCfg = Debug|Any CPU
		{2E6B5D0F-1B45-4A82-B846-9B10A714660B}.Debug|Any CPU.Build.0 = Debug|Any CPU
		{2E6B5D0F-1B45-4A82-B846-9B10A714660B}.Release|Any CPU.ActiveCfg = Release|Any CPU
		{2E6B5D0F-1B45-4A82-B846-9B10A714660B}.Release|Any CPU.Build.0 = Release|Any CPU
		{B391CE2E-23E2-4099-AE27-DEDD14886FAB}.Debug|Any CPU.ActiveCfg = Debug|Any CPU
		{B391CE2E-23E2-4099-AE27-DEDD14886FAB}.Debug|Any CPU.Build.0 = Debug|Any CPU
		{B391CE2E-23E2-4099-AE27-DEDD14886FAB}.Release|Any CPU.ActiveCfg = Release|Any CPU
		{B391CE2E-23E2-4099-AE27-DEDD14886FAB}.Release|Any CPU.Build.0 = Release|Any CPU
		{97AFB2F9-94C6-4BF9-B9D2-8BA7E051EC75}.Debug|Any CPU.ActiveCfg = Debug|Any CPU
		{97AFB2F9-94C6-4BF9-B9D2-8BA7E051EC75}.Debug|Any CPU.Build.0 = Debug|Any CPU
		{97AFB2F9-94C6-4BF9-B9D2-8BA7E051EC75}.Release|Any CPU.ActiveCfg = Release|Any CPU
		{97AFB2F9-94C6-4BF9-B9D2-8BA7E051EC75}.Release|Any CPU.Build.0 = Release|Any CPU
		{EB916DCA-6DA1-44C6-990E-B7187402910E}.Debug|Any CPU.ActiveCfg = Debug|Any CPU
		{EB916DCA-6DA1-44C6-990E-B7187402910E}.Debug|Any CPU.Build.0 = Debug|Any CPU
		{EB916DCA-6DA1-44C6-990E-B7187402910E}.Release|Any CPU.ActiveCfg = Release|Any CPU
		{EB916DCA-6DA1-44C6-990E-B7187402910E}.Release|Any CPU.Build.0 = Release|Any CPU
		{419890CD-B6E2-4E20-80A3-739BCC0563C6}.Debug|Any CPU.ActiveCfg = Debug|Any CPU
		{419890CD-B6E2-4E20-80A3-739BCC0563C6}.Debug|Any CPU.Build.0 = Debug|Any CPU
		{419890CD-B6E2-4E20-80A3-739BCC0563C6}.Release|Any CPU.ActiveCfg = Release|Any CPU
		{419890CD-B6E2-4E20-80A3-739BCC0563C6}.Release|Any CPU.Build.0 = Release|Any CPU
		{DAA75CF7-B02F-4567-988D-B6B2DB82CFBD}.Debug|Any CPU.ActiveCfg = Debug|Any CPU
		{DAA75CF7-B02F-4567-988D-B6B2DB82CFBD}.Debug|Any CPU.Build.0 = Debug|Any CPU
		{DAA75CF7-B02F-4567-988D-B6B2DB82CFBD}.Release|Any CPU.ActiveCfg = Release|Any CPU
		{DAA75CF7-B02F-4567-988D-B6B2DB82CFBD}.Release|Any CPU.Build.0 = Release|Any CPU
	EndGlobalSection
	GlobalSection(NestedProjects) = preSolution
		{773B429E-6270-4767-B34F-ABB8BA4D2C8E} = {27E4B1B6-6C3A-45C6-968C-8AFAC9420F1B}
		{D6E9D8CB-2BF6-46A4-BBDD-2E63A2E3BB63} = {27E4B1B6-6C3A-45C6-968C-8AFAC9420F1B}
		{2E6B5D0F-1B45-4A82-B846-9B10A714660B} = {27E4B1B6-6C3A-45C6-968C-8AFAC9420F1B}
		{B391CE2E-23E2-4099-AE27-DEDD14886FAB} = {27E4B1B6-6C3A-45C6-968C-8AFAC9420F1B}
		{97AFB2F9-94C6-4BF9-B9D2-8BA7E051EC75} = {34A8E6D5-527D-4AD9-B554-D41D6B9BA19A}
		{EB916DCA-6DA1-44C6-990E-B7187402910E} = {34A8E6D5-527D-4AD9-B554-D41D6B9BA19A}
		{419890CD-B6E2-4E20-80A3-739BCC0563C6} = {34A8E6D5-527D-4AD9-B554-D41D6B9BA19A}
		{DAA75CF7-B02F-4567-988D-B6B2DB82CFBD} = {34A8E6D5-527D-4AD9-B554-D41D6B9BA19A}
	EndGlobalSection
EndGlobal
